{
  "name": "toastify-js",
  "version": "1.12.0",
<<<<<<< HEAD
  "lockfileVersion": 3,
=======
  "lockfileVersion": 2,
>>>>>>> 93b3f00d67f8aca971b3ab9e75004ebe1e12616d
  "requires": true,
  "packages": {
    "": {
      "name": "toastify-js",
      "version": "1.12.0",
      "license": "MIT",
      "dependencies": {
        "toastify-js": "file:"
      }
    },
    "node_modules/toastify-js": {
      "resolved": "",
      "link": true
    }
<<<<<<< HEAD
=======
  },
  "dependencies": {
    "toastify-js": {
      "version": "file:",
      "requires": {
        "toastify-js": "file:"
      }
    }
>>>>>>> 93b3f00d67f8aca971b3ab9e75004ebe1e12616d
  }
}
