{
  "name": "@icon/dripicons",
  "version": "2.0.0-alpha.3",
<<<<<<< HEAD
  "lockfileVersion": 3,
=======
  "lockfileVersion": 2,
>>>>>>> 93b3f00d67f8aca971b3ab9e75004ebe1e12616d
  "requires": true,
  "packages": {
    "": {
      "name": "@icon/dripicons",
      "version": "2.0.0-alpha.3",
      "license": "CC-BY-4.0",
      "dependencies": {
        "@icon/dripicons": "file:"
      }
    },
    "node_modules/@icon/dripicons": {
      "resolved": "",
      "link": true
    }
<<<<<<< HEAD
=======
  },
  "dependencies": {
    "@icon/dripicons": {
      "version": "file:",
      "requires": {
        "@icon/dripicons": "file:"
      }
    }
>>>>>>> 93b3f00d67f8aca971b3ab9e75004ebe1e12616d
  }
}
